
Microsoft Visual Studio Solution File, Format Version 12.00
# Visual Studio 15
Project("{FAE04EC0-301F-11D3-BF4B-00C04F79EFBC}") = "Assembly-CSharp", "Assembly-CSharp.csproj", "{FF63949A-EF6F-A9AE-D912-46CA2B18F2E6}"
EndProject
Global
	GlobalSection(SolutionConfigurationPlatforms) = preSolution
		Debug|Any CPU = Debug|Any CPU
		Release|Any CPU = Release|Any CPU
	EndGlobalSection
	GlobalSection(ProjectConfigurationPlatforms) = postSolution
		{FF63949A-EF6F-A9AE-D912-46CA2B18F2E6}.Debug|Any CPU.ActiveCfg = Debug|Any CPU
		{FF63949A-EF6F-A9AE-D912-46CA2B18F2E6}.Debug|Any CPU.Build.0 = Debug|Any CPU
		{FF63949A-EF6F-A9AE-D912-46CA2B18F2E6}.Release|Any CPU.ActiveCfg = Release|Any CPU
		{FF63949A-EF6F-A9AE-D912-46CA2B18F2E6}.Release|Any CPU.Build.0 = Release|Any CPU
	EndGlobalSection
	GlobalSection(SolutionProperties) = preSolution
		HideSolutionNode = FALSE
	EndGlobalSection
EndGlobal
